
Microsoft Visual Studio Solution File, Format Version 12.00
# Visual Studio 15
VisualStudioVersion = 15.0.27703.2047
MinimumVisualStudioVersion = 10.0.40219.1
Project("{FAE04EC0-301F-11D3-BF4B-00C04F79EFBC}") = "MarsRover", "MarsRover\MarsRover.csproj", "{FA843420-42BA-403C-90AB-A6DA151D39E7}"
EndProject
Global
	GlobalSection(SolutionConfigurationPlatforms) = preSolution
		Debug|Any CPU = Debug|Any CPU
		Release|Any CPU = Release|Any CPU
	EndGlobalSection
	GlobalSection(ProjectConfigurationPlatforms) = postSolution
		{FA843420-42BA-403C-90AB-A6DA151D39E7}.Debug|Any CPU.ActiveCfg = Debug|Any CPU
		{FA843420-42BA-403C-90AB-A6DA151D39E7}.Debug|Any CPU.Build.0 = Debug|Any CPU
		{FA843420-42BA-403C-90AB-A6DA151D39E7}.Release|Any CPU.ActiveCfg = Release|Any CPU
		{FA843420-42BA-403C-90AB-A6DA151D39E7}.Release|Any CPU.Build.0 = Release|Any CPU
	EndGlobalSection
	GlobalSection(SolutionProperties) = preSolution
		HideSolutionNode = FALSE
	EndGlobalSection
	GlobalSection(ExtensibilityGlobals) = postSolution
		SolutionGuid = {2D84FBCE-6B6F-4DF7-B86C-2D9C06C8FD63}
	EndGlobalSection
EndGlobal
